
Microsoft Visual Studio Solution File, Format Version 12.00
# Visual Studio Version 17
VisualStudioVersion = 17.4.33122.133
MinimumVisualStudioVersion = 10.0.40219.1
Project("{2150E333-8FDC-42A3-9474-1A3956D46DE8}") = "src", "src", "{72C37221-4A20-4E83-B97D-B2A70BB83815}"
EndProject
Project("{2150E333-8FDC-42A3-9474-1A3956D46DE8}") = "Solution Items", "Solution Items", "{565989CA-1C9A-48E3-B23B-571DA7DF483D}"
	ProjectSection(SolutionItems) = preProject
		CHANGELOG.md = CHANGELOG.md
		CODE_OF_CONDUCT.md = CODE_OF_CONDUCT.md
		CONTRIBUTING.md = CONTRIBUTING.md
		LICENSE = LICENSE
		README.md = README.md
		THIRDPARTYNOTICE = THIRDPARTYNOTICE
	EndProjectSection
EndProject
Project("{9A19103F-16F7-4668-BE54-9A1E7A4F7556}") = "Authentication", "src\Authentication\Authentication.csproj", "{38AA82E8-0560-4146-A41D-A502532A06FF}"
EndProject
Project("{9A19103F-16F7-4668-BE54-9A1E7A4F7556}") = "Common", "src\Common\Common.csproj", "{AE95B658-9D39-4874-86DC-4CF28E693D6B}"
EndProject
Project("{9A19103F-16F7-4668-BE54-9A1E7A4F7556}") = "PowerShell", "src\PowerShell\PowerShell.csproj", "{27D77F40-F31C-4C08-A86A-58D3C0B0FFE1}"
EndProject
Project("{9A19103F-16F7-4668-BE54-9A1E7A4F7556}") = "AssemblyLoadContext", "src\AssemblyLoadContext\AssemblyLoadContext.csproj", "{8D51B2E3-3688-4420-BD7F-D39052B51C9C}"
EndProject
Global
	GlobalSection(SolutionConfigurationPlatforms) = preSolution
		Debug|Any CPU = Debug|Any CPU
		Release|Any CPU = Release|Any CPU
	EndGlobalSection
	GlobalSection(ProjectConfigurationPlatforms) = postSolution
		{38AA82E8-0560-4146-A41D-A502532A06FF}.Debug|Any CPU.ActiveCfg = Debug|Any CPU
		{38AA82E8-0560-4146-A41D-A502532A06FF}.Debug|Any CPU.Build.0 = Debug|Any CPU
		{38AA82E8-0560-4146-A41D-A502532A06FF}.Release|Any CPU.ActiveCfg = Release|Any CPU
		{38AA82E8-0560-4146-A41D-A502532A06FF}.Release|Any CPU.Build.0 = Release|Any CPU
		{AE95B658-9D39-4874-86DC-4CF28E693D6B}.Debug|Any CPU.ActiveCfg = Debug|Any CPU
		{AE95B658-9D39-4874-86DC-4CF28E693D6B}.Debug|Any CPU.Build.0 = Debug|Any CPU
		{AE95B658-9D39-4874-86DC-4CF28E693D6B}.Release|Any CPU.ActiveCfg = Release|Any CPU
		{AE95B658-9D39-4874-86DC-4CF28E693D6B}.Release|Any CPU.Build.0 = Release|Any CPU
		{27D77F40-F31C-4C08-A86A-58D3C0B0FFE1}.Debug|Any CPU.ActiveCfg = Debug|Any CPU
		{27D77F40-F31C-4C08-A86A-58D3C0B0FFE1}.Debug|Any CPU.Build.0 = Debug|Any CPU
		{27D77F40-F31C-4C08-A86A-58D3C0B0FFE1}.Release|Any CPU.ActiveCfg = Release|Any CPU
		{27D77F40-F31C-4C08-A86A-58D3C0B0FFE1}.Release|Any CPU.Build.0 = Release|Any CPU
		{8D51B2E3-3688-4420-BD7F-D39052B51C9C}.Debug|Any CPU.ActiveCfg = Debug|Any CPU
		{8D51B2E3-3688-4420-BD7F-D39052B51C9C}.Debug|Any CPU.Build.0 = Debug|Any CPU
		{8D51B2E3-3688-4420-BD7F-D39052B51C9C}.Release|Any CPU.ActiveCfg = Release|Any CPU
		{8D51B2E3-3688-4420-BD7F-D39052B51C9C}.Release|Any CPU.Build.0 = Release|Any CPU
	EndGlobalSection
	GlobalSection(SolutionProperties) = preSolution
		HideSolutionNode = FALSE
	EndGlobalSection
	GlobalSection(NestedProjects) = preSolution
		{38AA82E8-0560-4146-A41D-A502532A06FF} = {72C37221-4A20-4E83-B97D-B2A70BB83815}
		{AE95B658-9D39-4874-86DC-4CF28E693D6B} = {72C37221-4A20-4E83-B97D-B2A70BB83815}
		{27D77F40-F31C-4C08-A86A-58D3C0B0FFE1} = {72C37221-4A20-4E83-B97D-B2A70BB83815}
		{8D51B2E3-3688-4420-BD7F-D39052B51C9C} = {72C37221-4A20-4E83-B97D-B2A70BB83815}
	EndGlobalSection
	GlobalSection(ExtensibilityGlobals) = postSolution
		SolutionGuid = {932B21E0-D428-435E-B501-C7CB1B71CDBE}
	EndGlobalSection
EndGlobal
